
Microsoft Visual Studio Solution File, Format Version 12.00
# Visual Studio Version 17
VisualStudioVersion = 17.7.34202.233
MinimumVisualStudioVersion = 10.0.40219.1
Project("{FAE04EC0-301F-11D3-BF4B-00C04F79EFBC}") = "AreaCalculation", "AreaCalculation\AreaCalculation.csproj", "{4FF73C94-D150-464E-8197-F3271CF4DC4D}"
EndProject
Project("{FAE04EC0-301F-11D3-BF4B-00C04F79EFBC}") = "AreaCalculationTests", "AreaCalculationTests\AreaCalculationTests.csproj", "{0B70BCB5-D42A-4644-865D-003F13F65E69}"
EndProject
Global
	GlobalSection(SolutionConfigurationPlatforms) = preSolution
		Debug|Any CPU = Debug|Any CPU
		Release|Any CPU = Release|Any CPU
	EndGlobalSection
	GlobalSection(ProjectConfigurationPlatforms) = postSolution
		{4FF73C94-D150-464E-8197-F3271CF4DC4D}.Debug|Any CPU.ActiveCfg = Debug|Any CPU
		{4FF73C94-D150-464E-8197-F3271CF4DC4D}.Debug|Any CPU.Build.0 = Debug|Any CPU
		{4FF73C94-D150-464E-8197-F3271CF4DC4D}.Release|Any CPU.ActiveCfg = Release|Any CPU
		{4FF73C94-D150-464E-8197-F3271CF4DC4D}.Release|Any CPU.Build.0 = Release|Any CPU
		{0B70BCB5-D42A-4644-865D-003F13F65E69}.Debug|Any CPU.ActiveCfg = Debug|Any CPU
		{0B70BCB5-D42A-4644-865D-003F13F65E69}.Debug|Any CPU.Build.0 = Debug|Any CPU
		{0B70BCB5-D42A-4644-865D-003F13F65E69}.Release|Any CPU.ActiveCfg = Release|Any CPU
		{0B70BCB5-D42A-4644-865D-003F13F65E69}.Release|Any CPU.Build.0 = Release|Any CPU
	EndGlobalSection
	GlobalSection(SolutionProperties) = preSolution
		HideSolutionNode = FALSE
	EndGlobalSection
	GlobalSection(ExtensibilityGlobals) = postSolution
		SolutionGuid = {EF09409F-D052-42EA-962E-482324214822}
	EndGlobalSection
EndGlobal
